
Microsoft Visual Studio Solution File, Format Version 12.00
# Visual Studio Version 17
VisualStudioVersion = 17.0.31912.275
MinimumVisualStudioVersion = 10.0.40219.1
Project("{FAE04EC0-301F-11D3-BF4B-00C04F79EFBC}") = "DAL", "DAL\DAL.csproj", "{3DA90B02-957B-44C9-8849-772634B8C2B0}"
EndProject
Project("{FAE04EC0-301F-11D3-BF4B-00C04F79EFBC}") = "BL", "BL\BL.csproj", "{DB768C09-2B13-4F5A-A527-22B2FC13BD00}"
EndProject
Project("{FAE04EC0-301F-11D3-BF4B-00C04F79EFBC}") = "Entity", "Entity\Entity.csproj", "{2FD1FFBB-C126-4ED2-8B21-7C0F2AEBCAD8}"
EndProject
Project("{FAE04EC0-301F-11D3-BF4B-00C04F79EFBC}") = "KutuphaneOtomasyon.PL", "CokKatmanliMimari.PL\KutuphaneOtomasyon.PL.csproj", "{CC3F0BDE-C083-4716-8588-4542DC1D8D99}"
EndProject
Project("{54435603-DBB4-11D2-8724-00A0C9A8B90C}") = "kutuphaneOtomasyonu", "kutuphaneOtomasyonu\kutuphaneOtomasyonu.vdproj", "{ABE21569-4826-4794-A60D-3468C5F97AA5}"
EndProject
Global
	GlobalSection(SolutionConfigurationPlatforms) = preSolution
		Debug|Any CPU = Debug|Any CPU
		Debug|ARM = Debug|ARM
		Debug|ARM64 = Debug|ARM64
		Debug|x64 = Debug|x64
		Debug|x86 = Debug|x86
		Release|Any CPU = Release|Any CPU
		Release|ARM = Release|ARM
		Release|ARM64 = Release|ARM64
		Release|x64 = Release|x64
		Release|x86 = Release|x86
	EndGlobalSection
	GlobalSection(ProjectConfigurationPlatforms) = postSolution
		{3DA90B02-957B-44C9-8849-772634B8C2B0}.Debug|Any CPU.ActiveCfg = Debug|Any CPU
		{3DA90B02-957B-44C9-8849-772634B8C2B0}.Debug|Any CPU.Build.0 = Debug|Any CPU
		{3DA90B02-957B-44C9-8849-772634B8C2B0}.Debug|ARM.ActiveCfg = Debug|Any CPU
		{3DA90B02-957B-44C9-8849-772634B8C2B0}.Debug|ARM.Build.0 = Debug|Any CPU
		{3DA90B02-957B-44C9-8849-772634B8C2B0}.Debug|ARM64.ActiveCfg = Debug|Any CPU
		{3DA90B02-957B-44C9-8849-772634B8C2B0}.Debug|ARM64.Build.0 = Debug|Any CPU
		{3DA90B02-957B-44C9-8849-772634B8C2B0}.Debug|x64.ActiveCfg = Debug|Any CPU
		{3DA90B02-957B-44C9-8849-772634B8C2B0}.Debug|x64.Build.0 = Debug|Any CPU
		{3DA90B02-957B-44C9-8849-772634B8C2B0}.Debug|x86.ActiveCfg = Debug|Any CPU
		{3DA90B02-957B-44C9-8849-772634B8C2B0}.Debug|x86.Build.0 = Debug|Any CPU
		{3DA90B02-957B-44C9-8849-772634B8C2B0}.Release|Any CPU.ActiveCfg = Release|Any CPU
		{3DA90B02-957B-44C9-8849-772634B8C2B0}.Release|Any CPU.Build.0 = Release|Any CPU
		{3DA90B02-957B-44C9-8849-772634B8C2B0}.Release|ARM.ActiveCfg = Release|Any CPU
		{3DA90B02-957B-44C9-8849-772634B8C2B0}.Release|ARM.Build.0 = Release|Any CPU
		{3DA90B02-957B-44C9-8849-772634B8C2B0}.Release|ARM64.ActiveCfg = Release|Any CPU
		{3DA90B02-957B-44C9-8849-772634B8C2B0}.Release|ARM64.Build.0 = Release|Any CPU
		{3DA90B02-957B-44C9-8849-772634B8C2B0}.Release|x64.ActiveCfg = Release|Any CPU
		{3DA90B02-957B-44C9-8849-772634B8C2B0}.Release|x64.Build.0 = Release|Any CPU
		{3DA90B02-957B-44C9-8849-772634B8C2B0}.Release|x86.ActiveCfg = Release|Any CPU
		{3DA90B02-957B-44C9-8849-772634B8C2B0}.Release|x86.Build.0 = Release|Any CPU
		{DB768C09-2B13-4F5A-A527-22B2FC13BD00}.Debug|Any CPU.ActiveCfg = Debug|Any CPU
		{DB768C09-2B13-4F5A-A527-22B2FC13BD00}.Debug|Any CPU.Build.0 = Debug|Any CPU
		{DB768C09-2B13-4F5A-A527-22B2FC13BD00}.Debug|ARM.ActiveCfg = Debug|Any CPU
		{DB768C09-2B13-4F5A-A527-22B2FC13BD00}.Debug|ARM.Build.0 = Debug|Any CPU
		{DB768C09-2B13-4F5A-A527-22B2FC13BD00}.Debug|ARM64.ActiveCfg = Debug|Any CPU
		{DB768C09-2B13-4F5A-A527-22B2FC13BD00}.Debug|ARM64.Build.0 = Debug|Any CPU
		{DB768C09-2B13-4F5A-A527-22B2FC13BD00}.Debug|x64.ActiveCfg = Debug|Any CPU
		{DB768C09-2B13-4F5A-A527-22B2FC13BD00}.Debug|x64.Build.0 = Debug|Any CPU
		{DB768C09-2B13-4F5A-A527-22B2FC13BD00}.Debug|x86.ActiveCfg = Debug|Any CPU
		{DB768C09-2B13-4F5A-A527-22B2FC13BD00}.Debug|x86.Build.0 = Debug|Any CPU
		{DB768C09-2B13-4F5A-A527-22B2FC13BD00}.Release|Any CPU.ActiveCfg = Release|Any CPU
		{DB768C09-2B13-4F5A-A527-22B2FC13BD00}.Release|Any CPU.Build.0 = Release|Any CPU
		{DB768C09-2B13-4F5A-A527-22B2FC13BD00}.Release|ARM.ActiveCfg = Release|Any CPU
		{DB768C09-2B13-4F5A-A527-22B2FC13BD00}.Release|ARM.Build.0 = Release|Any CPU
		{DB768C09-2B13-4F5A-A527-22B2FC13BD00}.Release|ARM64.ActiveCfg = Release|Any CPU
		{DB768C09-2B13-4F5A-A527-22B2FC13BD00}.Release|ARM64.Build.0 = Release|Any CPU
		{DB768C09-2B13-4F5A-A527-22B2FC13BD00}.Release|x64.ActiveCfg = Release|Any CPU
		{DB768C09-2B13-4F5A-A527-22B2FC13BD00}.Release|x64.Build.0 = Release|Any CPU
		{DB768C09-2B13-4F5A-A527-22B2FC13BD00}.Release|x86.ActiveCfg = Release|Any CPU
		{DB768C09-2B13-4F5A-A527-22B2FC13BD00}.Release|x86.Build.0 = Release|Any CPU
		{2FD1FFBB-C126-4ED2-8B21-7C0F2AEBCAD8}.Debug|Any CPU.ActiveCfg = Debug|Any CPU
		{2FD1FFBB-C126-4ED2-8B21-7C0F2AEBCAD8}.Debug|Any CPU.Build.0 = Debug|Any CPU
		{2FD1FFBB-C126-4ED2-8B21-7C0F2AEBCAD8}.Debug|ARM.ActiveCfg = Debug|Any CPU
		{2FD1FFBB-C126-4ED2-8B21-7C0F2AEBCAD8}.Debug|ARM.Build.0 = Debug|Any CPU
		{2FD1FFBB-C126-4ED2-8B21-7C0F2AEBCAD8}.Debug|ARM64.ActiveCfg = Debug|Any CPU
		{2FD1FFBB-C126-4ED2-8B21-7C0F2AEBCAD8}.Debug|ARM64.Build.0 = Debug|Any CPU
		{2FD1FFBB-C126-4ED2-8B21-7C0F2AEBCAD8}.Debug|x64.ActiveCfg = Debug|Any CPU
		{2FD1FFBB-C126-4ED2-8B21-7C0F2AEBCAD8}.Debug|x64.Build.0 = Debug|Any CPU
		{2FD1FFBB-C126-4ED2-8B21-7C0F2AEBCAD8}.Debug|x86.ActiveCfg = Debug|Any CPU
		{2FD1FFBB-C126-4ED2-8B21-7C0F2AEBCAD8}.Debug|x86.Build.0 = Debug|Any CPU
		{2FD1FFBB-C126-4ED2-8B21-7C0F2AEBCAD8}.Release|Any CPU.ActiveCfg = Release|Any CPU
		{2FD1FFBB-C126-4ED2-8B21-7C0F2AEBCAD8}.Release|Any CPU.Build.0 = Release|Any CPU
		{2FD1FFBB-C126-4ED2-8B21-7C0F2AEBCAD8}.Release|ARM.ActiveCfg = Release|Any CPU
		{2FD1FFBB-C126-4ED2-8B21-7C0F2AEBCAD8}.Release|ARM.Build.0 = Release|Any CPU
		{2FD1FFBB-C126-4ED2-8B21-7C0F2AEBCAD8}.Release|ARM64.ActiveCfg = Release|Any CPU
		{2FD1FFBB-C126-4ED2-8B21-7C0F2AEBCAD8}.Release|ARM64.Build.0 = Release|Any CPU
		{2FD1FFBB-C126-4ED2-8B21-7C0F2AEBCAD8}.Release|x64.ActiveCfg = Release|Any CPU
		{2FD1FFBB-C126-4ED2-8B21-7C0F2AEBCAD8}.Release|x64.Build.0 = Release|Any CPU
		{2FD1FFBB-C126-4ED2-8B21-7C0F2AEBCAD8}.Release|x86.ActiveCfg = Release|Any CPU
		{2FD1FFBB-C126-4ED2-8B21-7C0F2AEBCAD8}.Release|x86.Build.0 = Release|Any CPU
		{CC3F0BDE-C083-4716-8588-4542DC1D8D99}.Debug|Any CPU.ActiveCfg = Debug|Any CPU
		{CC3F0BDE-C083-4716-8588-4542DC1D8D99}.Debug|Any CPU.Build.0 = Debug|Any CPU
		{CC3F0BDE-C083-4716-8588-4542DC1D8D99}.Debug|ARM.ActiveCfg = Debug|Any CPU
		{CC3F0BDE-C083-4716-8588-4542DC1D8D99}.Debug|ARM.Build.0 = Debug|Any CPU
		{CC3F0BDE-C083-4716-8588-4542DC1D8D99}.Debug|ARM64.ActiveCfg = Debug|Any CPU
		{CC3F0BDE-C083-4716-8588-4542DC1D8D99}.Debug|ARM64.Build.0 = Debug|Any CPU
		{CC3F0BDE-C083-4716-8588-4542DC1D8D99}.Debug|x64.ActiveCfg = Debug|Any CPU
		{CC3F0BDE-C083-4716-8588-4542DC1D8D99}.Debug|x64.Build.0 = Debug|Any CPU
		{CC3F0BDE-C083-4716-8588-4542DC1D8D99}.Debug|x86.ActiveCfg = Debug|Any CPU
		{CC3F0BDE-C083-4716-8588-4542DC1D8D99}.Debug|x86.Build.0 = Debug|Any CPU
		{CC3F0BDE-C083-4716-8588-4542DC1D8D99}.Release|Any CPU.ActiveCfg = Release|Any CPU
		{CC3F0BDE-C083-4716-8588-4542DC1D8D99}.Release|Any CPU.Build.0 = Release|Any CPU
		{CC3F0BDE-C083-4716-8588-4542DC1D8D99}.Release|ARM.ActiveCfg = Release|Any CPU
		{CC3F0BDE-C083-4716-8588-4542DC1D8D99}.Release|ARM.Build.0 = Release|Any CPU
		{CC3F0BDE-C083-4716-8588-4542DC1D8D99}.Release|ARM64.ActiveCfg = Release|Any CPU
		{CC3F0BDE-C083-4716-8588-4542DC1D8D99}.Release|ARM64.Build.0 = Release|Any CPU
		{CC3F0BDE-C083-4716-8588-4542DC1D8D99}.Release|x64.ActiveCfg = Release|Any CPU
		{CC3F0BDE-C083-4716-8588-4542DC1D8D99}.Release|x64.Build.0 = Release|Any CPU
		{CC3F0BDE-C083-4716-8588-4542DC1D8D99}.Release|x86.ActiveCfg = Release|Any CPU
		{CC3F0BDE-C083-4716-8588-4542DC1D8D99}.Release|x86.Build.0 = Release|Any CPU
		{ABE21569-4826-4794-A60D-3468C5F97AA5}.Debug|Any CPU.ActiveCfg = Debug
		{ABE21569-4826-4794-A60D-3468C5F97AA5}.Debug|ARM.ActiveCfg = Debug
		{ABE21569-4826-4794-A60D-3468C5F97AA5}.Debug|ARM64.ActiveCfg = Debug
		{ABE21569-4826-4794-A60D-3468C5F97AA5}.Debug|x64.ActiveCfg = Debug
		{ABE21569-4826-4794-A60D-3468C5F97AA5}.Debug|x86.ActiveCfg = Debug
		{ABE21569-4826-4794-A60D-3468C5F97AA5}.Release|Any CPU.ActiveCfg = Release
		{ABE21569-4826-4794-A60D-3468C5F97AA5}.Release|ARM.ActiveCfg = Release
		{ABE21569-4826-4794-A60D-3468C5F97AA5}.Release|ARM64.ActiveCfg = Release
		{ABE21569-4826-4794-A60D-3468C5F97AA5}.Release|x64.ActiveCfg = Release
		{ABE21569-4826-4794-A60D-3468C5F97AA5}.Release|x86.ActiveCfg = Release
	EndGlobalSection
	GlobalSection(SolutionProperties) = preSolution
		HideSolutionNode = FALSE
	EndGlobalSection
	GlobalSection(ExtensibilityGlobals) = postSolution
		SolutionGuid = {B859F5BE-A4D2-4438-838F-002BF3F7C6BF}
	EndGlobalSection
EndGlobal
